Microsoft Visual Studio Solution File, Format Version 12.00
# Visual Studio Version 17
VisualStudioVersion = 17.5.2.0
MinimumVisualStudioVersion = 10.0.40219.1
Project("{FAE04EC0-301F-11D3-BF4B-00C04F79EFBC}") = "csharp-fundamentals", "csharp-fundamentals\csharp-fundamentals.csproj", "{4912ED9E-4E52-DDC7-5639-8FDDC543B446}"
EndProject
Global
	GlobalSection(SolutionConfigurationPlatforms) = preSolution
		Debug|Any CPU = Debug|Any CPU
		Release|Any CPU = Release|Any CPU
	EndGlobalSection
	GlobalSection(ProjectConfigurationPlatforms) = postSolution
		{4912ED9E-4E52-DDC7-5639-8FDDC543B446}.Debug|Any CPU.ActiveCfg = Debug|Any CPU
		{4912ED9E-4E52-DDC7-5639-8FDDC543B446}.Debug|Any CPU.Build.0 = Debug|Any CPU
		{4912ED9E-4E52-DDC7-5639-8FDDC543B446}.Release|Any CPU.ActiveCfg = Release|Any CPU
		{4912ED9E-4E52-DDC7-5639-8FDDC543B446}.Release|Any CPU.Build.0 = Release|Any CPU
	EndGlobalSection
	GlobalSection(SolutionProperties) = preSolution
		HideSolutionNode = FALSE
	EndGlobalSection
	GlobalSection(ExtensibilityGlobals) = postSolution
		SolutionGuid = {DBEB2D23-E3EA-48FD-8D7B-7DF5EF606E4E}
	EndGlobalSection
EndGlobal
